#MicroXplorer Configuration settings - do not modify
CAD.formats=
CAD.pinconfig=
CAD.provider=
ETH.AutoNegotiation=ETH_AUTONEGOTIATION_ENABLE
ETH.ChecksumMode=ETH_CHECKSUM_BY_HARDWARE
ETH.DuplexMode=ETH_MODE_FULLDUPLEX
ETH.IPParameters=AutoNegotiation,Speed,DuplexMode,MACAddr,RxMode,ChecksumMode,PhyAddress,PHY_Name_RMII,PHY_RESET_DELAY,PHY_CONFIG_DELAY,PHY_READ_TO,PHY_WRITE_TO,PHY_BCR,PHY_BSR,PHY_RESET,PHY_LOOPBACK,PHY_FULLDUPLEX_100M,PHY_HALFDUPLEX_100M,PHY_FULLDUPLEX_10M,PHY_HALFDUPLEX_10M,PHY_AUTONEGOTIATION,PHY_RESTART_AUTONEGOTIATION,PHY_POWERDOWN,PHY_ISOLATE,PHY_AUTONEGO_COMPLETE,PHY_LINKED_STATUS,PHY_JABBER_DETECTION,PHY_SR,PHY_SPEED_STATUS,PHY_DUPLEX_STATUS,PHY_ISFR,PHY_ISFR_INT4,MediaInterface
ETH.MACAddr=00\:80\:E1\:00\:00\:0D
ETH.MediaInterface=HAL_ETH_RMII_MODE
ETH.PHY_AUTONEGOTIATION=0x1000
ETH.PHY_AUTONEGO_COMPLETE=0x0020
ETH.PHY_BCR=0x00
ETH.PHY_BSR=0x01
ETH.PHY_CONFIG_DELAY=0x00000FFF
ETH.PHY_DUPLEX_STATUS=0x0010
ETH.PHY_FULLDUPLEX_100M=0x2100
ETH.PHY_FULLDUPLEX_10M=0x0100
ETH.PHY_HALFDUPLEX_100M=0x2000
ETH.PHY_HALFDUPLEX_10M=0x0000
ETH.PHY_ISFR=0x001D
ETH.PHY_ISFR_INT4=0x000B
ETH.PHY_ISOLATE=0x0400
ETH.PHY_JABBER_DETECTION=0x0002
ETH.PHY_LINKED_STATUS=0x0004
ETH.PHY_LOOPBACK=0x4000
ETH.PHY_Name_RMII=DP83848_PHY_ADDRESS
ETH.PHY_POWERDOWN=0x0800
ETH.PHY_READ_TO=0x0000FFFF
ETH.PHY_RESET=0x8000
ETH.PHY_RESET_DELAY=0x000000FF
ETH.PHY_RESTART_AUTONEGOTIATION=0x0200
ETH.PHY_SPEED_STATUS=0x0004
ETH.PHY_SR=0x1F
ETH.PHY_WRITE_TO=0x0000FFFF
ETH.PhyAddress=3
ETH.RxMode=ETH_RXINTERRUPT_MODE
ETH.Speed=ETH_SPEED_100M
FREERTOS.FootprintOK=true
FREERTOS.HEAP_NUMBER=4
FREERTOS.INCLUDE_eTaskGetState=0
FREERTOS.INCLUDE_pcTaskGetTaskName=0
FREERTOS.INCLUDE_uxTaskGetStackHighWaterMark=0
FREERTOS.INCLUDE_uxTaskGetStackHighWaterMark2=0
FREERTOS.INCLUDE_uxTaskPriorityGet=1
FREERTOS.INCLUDE_vTaskCleanUpResources=0
FREERTOS.INCLUDE_vTaskDelay=1
FREERTOS.INCLUDE_vTaskDelayUntil=0
FREERTOS.INCLUDE_vTaskDelete=1
FREERTOS.INCLUDE_vTaskPrioritySet=1
FREERTOS.INCLUDE_vTaskSuspend=1
FREERTOS.INCLUDE_xEventGroupSetBitFromISR=0
FREERTOS.INCLUDE_xQueueGetMutexHolder=0
FREERTOS.INCLUDE_xSemaphoreGetMutexHolder=0
FREERTOS.INCLUDE_xTaskAbortDelay=0
FREERTOS.INCLUDE_xTaskGetCurrentTaskHandle=0
FREERTOS.INCLUDE_xTaskGetHandle=0
FREERTOS.INCLUDE_xTaskResumeFromISR=1
FREERTOS.IPParameters=Tasks01,configTOTAL_HEAP_SIZE,FootprintOK,Mutexes01,configENABLE_FPU,configUSE_PREEMPTION,MEMORY_ALLOCATION,configTICK_RATE_HZ,configMAX_PRIORITIES,configMINIMAL_STACK_SIZE,configMAX_TASK_NAME_LEN,configIDLE_SHOULD_YIELD,configUSE_MUTEXES,configUSE_RECURSIVE_MUTEXES,configUSE_COUNTING_SEMAPHORES,configQUEUE_REGISTRY_SIZE,configUSE_APPLICATION_TASK_TAG,HEAP_NUMBER,configUSE_IDLE_HOOK,configUSE_TICK_HOOK,configUSE_MALLOC_FAILED_HOOK,configUSE_DAEMON_TASK_STARTUP_HOOK,configCHECK_FOR_STACK_OVERFLOW,configGENERATE_RUN_TIME_STATS,configUSE_TRACE_FACILITY,configUSE_STATS_FORMATTING_FUNCTIONS,configUSE_CO_ROUTINES,configMAX_CO_ROUTINE_PRIORITIES,configUSE_TIMERS,configLIBRARY_LOWEST_INTERRUPT_PRIORITY,configLIBRARY_MAX_SYSCALL_INTERRUPT_PRIORITY,INCLUDE_vTaskPrioritySet,INCLUDE_uxTaskPriorityGet,INCLUDE_vTaskDelete,INCLUDE_vTaskCleanUpResources,INCLUDE_vTaskSuspend,INCLUDE_vTaskDelayUntil,INCLUDE_vTaskDelay,INCLUDE_xTaskResumeFromISR,INCLUDE_xQueueGetMutexHolder,INCLUDE_xSemaphoreGetMutexHolder,INCLUDE_pcTaskGetTaskName,INCLUDE_uxTaskGetStackHighWaterMark,INCLUDE_xTaskGetCurrentTaskHandle,INCLUDE_eTaskGetState,INCLUDE_xEventGroupSetBitFromISR,configENABLE_BACKWARD_COMPATIBILITY,configUSE_TICKLESS_IDLE,configUSE_TASK_NOTIFICATIONS,INCLUDE_xTaskAbortDelay,INCLUDE_xTaskGetHandle,configRECORD_STACK_HIGH_ADDRESS,configUSE_NEWLIB_REENTRANT,copyHeapFile,INCLUDE_uxTaskGetStackHighWaterMark2,configUSE_POSIX_ERRNO
FREERTOS.MEMORY_ALLOCATION=2
FREERTOS.Mutexes01=CanMutex,Static,CanMutexControlBlock
FREERTOS.Tasks01=main_task,0,2048,h_main_task,Default,NULL,Static,main_taskBuffer,main_taskControlBlock;indi_task,0,256,h_indi_task,Default,NULL,Static,indi_taskBuffer,indi_taskControlBlock;server_task,-3,2048,h_server_task,Default,NULL,Static,server_taskBuffer,server_taskControlBlock;toolsTask,-3,512,h_tools,Default,NULL,Dynamic,NULL,NULL
FREERTOS.configCHECK_FOR_STACK_OVERFLOW=0
FREERTOS.configENABLE_BACKWARD_COMPATIBILITY=1
FREERTOS.configENABLE_FPU=0
FREERTOS.configGENERATE_RUN_TIME_STATS=0
FREERTOS.configIDLE_SHOULD_YIELD=1
FREERTOS.configLIBRARY_LOWEST_INTERRUPT_PRIORITY=15
FREERTOS.configLIBRARY_MAX_SYSCALL_INTERRUPT_PRIORITY=5
FREERTOS.configMAX_CO_ROUTINE_PRIORITIES=2
FREERTOS.configMAX_PRIORITIES=7
FREERTOS.configMAX_TASK_NAME_LEN=16
FREERTOS.configMINIMAL_STACK_SIZE=128
FREERTOS.configQUEUE_REGISTRY_SIZE=8
FREERTOS.configRECORD_STACK_HIGH_ADDRESS=0
FREERTOS.configTICK_RATE_HZ=1000
FREERTOS.configTOTAL_HEAP_SIZE=40000
FREERTOS.configUSE_APPLICATION_TASK_TAG=0
FREERTOS.configUSE_COUNTING_SEMAPHORES=0
FREERTOS.configUSE_CO_ROUTINES=0
FREERTOS.configUSE_DAEMON_TASK_STARTUP_HOOK=0
FREERTOS.configUSE_IDLE_HOOK=0
FREERTOS.configUSE_MALLOC_FAILED_HOOK=0
FREERTOS.configUSE_MUTEXES=1
FREERTOS.configUSE_NEWLIB_REENTRANT=1
FREERTOS.configUSE_POSIX_ERRNO=0
FREERTOS.configUSE_PREEMPTION=1
FREERTOS.configUSE_RECURSIVE_MUTEXES=0
FREERTOS.configUSE_STATS_FORMATTING_FUNCTIONS=0
FREERTOS.configUSE_TASK_NOTIFICATIONS=1
FREERTOS.configUSE_TICKLESS_IDLE=0
FREERTOS.configUSE_TICK_HOOK=0
FREERTOS.configUSE_TIMERS=0
FREERTOS.configUSE_TRACE_FACILITY=0
FREERTOS.copyHeapFile=1
File.Version=6
GPIO.groupedBy=Show All
KeepUserPlacement=false
LWIP.API_LIB_DEBUG=LWIP_DBG_OFF
LWIP.API_MSG_DEBUG=LWIP_DBG_OFF
LWIP.ARP_MAXAGE=300
LWIP.ARP_QUEUEING=0
LWIP.ARP_QUEUE_LEN=3
LWIP.ARP_TABLE_SIZE=10
LWIP.AUTOIP_DEBUG=LWIP_DBG_OFF
LWIP.BSP.number=1
LWIP.CBCP_SUPPORT=0
LWIP.CCP_SUPPORT=0
LWIP.CHAP_DEFTIMEOUT=6
LWIP.CHAP_DEFTRANSMITS=10
LWIP.CHAP_SUPPORT=0
LWIP.CHECKSUM_BY_HARDWARE=1
LWIP.CHECKSUM_CHECK_ICMP=0
LWIP.CHECKSUM_CHECK_ICMP6=0
LWIP.CHECKSUM_CHECK_IP=0
LWIP.CHECKSUM_CHECK_TCP=0
LWIP.CHECKSUM_CHECK_UDP=0
LWIP.CHECKSUM_GEN_ICMP=0
LWIP.CHECKSUM_GEN_ICMP6=0
LWIP.CHECKSUM_GEN_IP=0
LWIP.CHECKSUM_GEN_TCP=0
LWIP.CHECKSUM_GEN_UDP=0
LWIP.DEFAULT_ACCEPTMBOX_SIZE=6
LWIP.DEFAULT_RAW_RECVMBOX_SIZE=0
LWIP.DEFAULT_TCP_RECVMBOX_SIZE=6
LWIP.DEFAULT_THREAD_NAME="lwIP"
LWIP.DEFAULT_THREAD_PRIO=3
LWIP.DEFAULT_THREAD_STACKSIZE=1024
LWIP.DEFAULT_UDP_RECVMBOX_SIZE=0
LWIP.DEMAND_SUPPORT=0
LWIP.DHCP6_DEBUG=LWIP_DBG_OFF
LWIP.DHCP_DEBUG=LWIP_DBG_OFF
LWIP.DHCP_DOES_ARP_CHECK=0
LWIP.DNS_DEBUG=LWIP_DBG_OFF
LWIP.DNS_DOES_NAME_CHECK=1
LWIP.DNS_LOCAL_HOSTLIST=0
LWIP.DNS_LOCAL_HOSTLIST_IS_DYNAMIC=0
LWIP.DNS_MAX_NAME_LENGTH=256
LWIP.DNS_MAX_RETRIES=4
LWIP.DNS_MAX_SERVERS=2
LWIP.DNS_TABLE_SIZE=4
LWIP.EAP_DEFALLOWREQ=10
LWIP.EAP_DEFREQTIME=6
LWIP.EAP_SUPPORT=0
LWIP.ECP_SUPPORT=0
LWIP.ETHARP_DEBUG=LWIP_DBG_OFF
LWIP.ETHARP_STATS=0
LWIP.ETHARP_SUPPORT_STATIC_ENTRIES=0
LWIP.ETHARP_SUPPORT_VLAN=0
LWIP.ETHARP_TABLE_MATCH_NETIF=1
LWIP.ETH_PAD_SIZE=0
LWIP.FSM_DEFMAXCONFREQS=10
LWIP.FSM_DEFMAXNAKLOOPS=5
LWIP.FSM_DEFMAXTERMREQS=2
LWIP.FSM_DEFTIMEOUT=6
LWIP.GATEWAY_ADDRESS=000.000.000.000
LWIP.HTTPD_DEBUG=LWIP_DBG_OFF
LWIP.HTTPD_DEBUG_TIMING=LWIP_DBG_OFF
LWIP.ICMP6_STATS=0
LWIP.ICMP_DEBUG=LWIP_DBG_OFF
LWIP.ICMP_STATS=0
LWIP.ICMP_TTL=255
LWIP.IGMP_DEBUG=LWIP_DBG_OFF
LWIP.IGMP_STATS=0
LWIP.INET_DEBUG=LWIP_DBG_OFF
LWIP.IP6_DEBUG=LWIP_DBG_OFF
LWIP.IP6_FRAG_STATS=0
LWIP.IP6_STATS=0
LWIP.IPFRAG_STATS=0
LWIP.IPParameters=LWIP_DHCP,NETMASK_ADDRESS,LWIP_UDP,MEMP_NUM_UDP_PCB,MEMP_NUM_TCP_PCB,LWIP_TCPIP_TIMEOUT,LWIP_SO_RCVTIMEO,LWIP_SO_SNDTIMEO,IP_ADDRESS,GATEWAY_ADDRESS,LWIP_ICMP,LWIP_IGMP,LWIP_DNS,LWIP_TCP,NO_SYS,LWIP_TIMERS,LWIP_TIMERS_CUSTOM,LWIP_MPU_COMPATIBLE,LWIP_TCPIP_CORE_LOCKING,LWIP_TCPIP_CORE_LOCKING_INPUT,SYS_LIGHTWEIGHT_PROT,MEM_LIBC_MALLOC,MEMP_MEM_MALLOC,MEMP_MEM_INIT,MEM_ALIGNMENT,MEM_SIZE,MEMP_OVERFLOW_CHECK,MEMP_SANITY_CHECK,MEM_OVERFLOW_CHECK,MEM_SANITY_CHECK,MEM_USE_POOLS,MEM_USE_POOLS_TRY_BIGGER_POOL,MEMP_USE_CUSTOM_POOLS,LWIP_ALLOW_MEM_FREE_FROM_OTHER_CONTEXT,MEMP_NUM_PBUF,MEMP_NUM_RAW_PCB,MEMP_NUM_TCP_PCB_LISTEN,MEMP_NUM_TCP_SEG,MEMP_NUM_REASSDATA,MEMP_NUM_FRAG_PBUF,MEMP_NUM_ARP_QUEUE,MEMP_NUM_IGMP_GROUP,MEMP_NUM_SYS_TIMEOUT,MEMP_NUM_NETBUF,MEMP_NUM_NETCONN,MEMP_NUM_TCPIP_MSG_API,MEMP_NUM_SELECT_CB,MEMP_NUM_TCPIP_MSG_INPKT,MEMP_NUM_NETDB,MEMP_NUM_LOCALHOSTLIST,MEMP_NUM_API_MSG,MEMP_NUM_DNS_API_MSG,MEMP_NUM_SOCKET_SETGETSOCKOPT_DATA,MEMP_NUM_NETIFAPI_MSG,PBUF_POOL_SIZE,PBUF_LINK_HLEN,PBUF_LINK_ENCAPSULATION_HLEN,PBUF_POOL_BUFSIZE,LWIP_PBUF_REF_T,LWIP_ARP,ARP_TABLE_SIZE,ARP_MAXAGE,ARP_QUEUEING,ARP_QUEUE_LEN,ETHARP_SUPPORT_VLAN,LWIP_ETHERNET,ETH_PAD_SIZE,ETHARP_SUPPORT_STATIC_ENTRIES,ETHARP_TABLE_MATCH_NETIF,LWIP_IPV4,IP_FORWARD,IP_OPTIONS_ALLOWED,IP_REASSEMBLY,IP_FRAG,IP_REASS_MAXAGE,IP_REASS_MAX_PBUFS,IP_DEFAULT_TTL,IP_SOF_BROADCAST,IP_SOF_BROADCAST_RECV,IP_FORWARD_ALLOW_TX_ON_RX_NETIF,ICMP_TTL,LWIP_BROADCAST_PING,LWIP_MULTICAST_PING,LWIP_MULTICAST_TX_OPTIONS,LWIP_RAW,RAW_TTL,DHCP_DOES_ARP_CHECK,LWIP_DHCP_BOOTP_FILE,LWIP_DHCP_GET_NTP_SRV,LWIP_DHCP_MAX_NTP_SERVERS,LWIP_DHCP_MAX_DNS_SERVERS,LWIP_AUTOIP,LWIP_DHCP_AUTOIP_COOP,LWIP_DHCP_AUTOIP_COOP_TRIES,LWIP_MIB2_CALLBACKS,DNS_TABLE_SIZE,DNS_MAX_NAME_LENGTH,DNS_MAX_SERVERS,DNS_MAX_RETRIES,DNS_DOES_NAME_CHECK,LWIP_DNS_SECURE,DNS_LOCAL_HOSTLIST,DNS_LOCAL_HOSTLIST_IS_DYNAMIC,LWIP_DNS_SUPPORT_MDNS_QUERIES,LWIP_UDPLITE,UDP_TTL,LWIP_NETBUF_RECVINFO,TCP_TTL,TCP_WND,TCP_MAXRTX,TCP_SYNMAXRTX,TCP_QUEUE_OOSEQ,LWIP_TCP_SACK_OUT,LWIP_TCP_MAX_SACK_NUM,TCP_MSS,TCP_CALCULATE_EFF_SEND_MSS,TCP_SND_BUF,TCP_SND_QUEUELEN,TCP_SNDLOWAT,TCP_SNDQUEUELOWAT,TCP_OOSEQ_MAX_BYTES,TCP_OOSEQ_BYTES_LIMIT(pcb),TCP_OOSEQ_MAX_PBUFS,TCP_OOSEQ_PBUFS_LIMIT(pcb),TCP_LISTEN_BACKLOG,TCP_DEFAULT_LISTEN_BACKLOG,TCP_OVERSIZE,LWIP_TCP_TIMESTAMPS,TCP_WND_UPDATE_THRESHOLD,LWIP_EVENT_API,LWIP_CALLBACK_API,LWIP_WND_SCALE,TCP_RCV_SCALE,LWIP_TCP_PCB_NUM_EXT_ARGS,LWIP_ALTCP,LWIP_ALTCP_TLS,LWIP_SINGLE_NETIF,LWIP_NETIF_HOSTNAME,LWIP_NETIF_API,LWIP_NETIF_STATUS_CALLBACK,LWIP_NETIF_EXT_STATUS_CALLBACK,LWIP_NETIF_LINK_CALLBACK,LWIP_NETIF_REMOVE_CALLBACK,LWIP_NETIF_HWADDRHINT,LWIP_NETIF_TX_SINGLE_PBUF,LWIP_NUM_NETIF_CLIENT_DATA,LWIP_HAVE_LOOPIF,LWIP_LOOPIF_MULTICAST,LWIP_NETIF_LOOPBACK,LWIP_LOOPBACK_MAX_PBUFS,LWIP_NETIF_LOOPBACK_MULTITHREADING,TCPIP_THREAD_NAME,TCPIP_THREAD_STACKSIZE,TCPIP_THREAD_PRIO,TCPIP_MBOX_SIZE,SLIPIF_THREAD_NAME,SLIPIF_THREAD_STACKSIZE,SLIPIF_THREAD_PRIO,DEFAULT_THREAD_NAME,DEFAULT_THREAD_STACKSIZE,DEFAULT_THREAD_PRIO,DEFAULT_RAW_RECVMBOX_SIZE,DEFAULT_UDP_RECVMBOX_SIZE,DEFAULT_TCP_RECVMBOX_SIZE,DEFAULT_ACCEPTMBOX_SIZE,LWIP_NETCONN,LWIP_NETCONN_SEM_PER_THREAD,LWIP_NETCONN_FULLDUPLEX,LWIP_SOCKET,LWIP_COMPAT_SOCKETS,LWIP_POSIX_SOCKETS_IO_NAMES,LWIP_SOCKET_OFFSET,LWIP_TCP_KEEPALIVE,LWIP_SO_SNDRCVTIMEO_NONSTANDARD,LWIP_SO_RCVBUF,LWIP_SO_LINGER,RECV_BUFSIZE_DEFAULT,LWIP_TCP_CLOSE_TIMEOUT_MS_DEFAULT,SO_REUSE,SO_REUSE_RXTOALL,LWIP_FIONREAD_LINUXMODE,LWIP_SOCKET_SELECT,LWIP_SOCKET_POLL,LWIP_USE_EXTERNAL_POLARSSL,LWIP_USE_EXTERNAL_MBEDTLS,LWIP_INCLUDED_POLARSSL_MD5,LWIP_INCLUDED_POLARSSL_MD4,LWIP_INCLUDED_POLARSSL_SHA1,LWIP_INCLUDED_POLARSSL_DES,LWIP_INCLUDED_POLARSSL_ARC4,PPP_SUPPORT,PPPOE_SUPPORT,PPPOL2TP_SUPPORT,PPPOL2TP_AUTH_SUPPORT,PPPOS_SUPPORT,LWIP_PPP_API,MEMP_NUM_PPP_PCB,PPP_NUM_TIMEOUTS_PER_PCB,MEMP_NUM_PPPOS_INTERFACES,MEMP_NUM_PPPOE_INTERFACES,MEMP_NUM_PPPOL2TP_INTERFACES,MEMP_NUM_PPP_API_MSG,PPP_INPROC_IRQ_SAFE,PRINTPKT_SUPPORT,PPP_IPV4_SUPPORT,PPP_IPV6_SUPPORT,PPP_NOTIFY_PHASE,PPP_USE_PBUF_RAM,PPP_FCS_TABLE,PAP_SUPPORT,CHAP_SUPPORT,MSCHAP_SUPPORT,EAP_SUPPORT,CCP_SUPPORT,MPPE_SUPPORT,CBCP_SUPPORT,ECP_SUPPORT,DEMAND_SUPPORT,LQR_SUPPORT,PPP_SERVER,VJ_SUPPORT,PPP_MD5_RANDM,FSM_DEFTIMEOUT,FSM_DEFMAXTERMREQS,FSM_DEFMAXCONFREQS,FSM_DEFMAXNAKLOOPS,UPAP_DEFTIMEOUT,UPAP_DEFTRANSMITS,UPAP_DEFREQTIME,CHAP_DEFTIMEOUT,CHAP_DEFTRANSMITS,EAP_DEFREQTIME,EAP_DEFALLOWREQ,LCP_DEFLOOPBACKFAIL,LCP_ECHOINTERVAL,LCP_MAXECHOFAILS,PPP_MAXIDLEFLAG,PPP_MRU,PPP_DEFMRU,PPP_MAXMRU,PPP_MINMRU,PPP_NUM_TIMEOUTS,MAXNAMELEN,MAXSECRETLEN,LWIP_IPV6,IPV6_REASS_MAXAGE,LWIP_IPV6_SCOPES,LWIP_IPV6_SCOPES_DEBUG,LWIP_IPV6_NUM_ADDRESSES,LWIP_IPV6_FORWARD,LWIP_IPV6_FRAG,LWIP_IPV6_REASS,LWIP_IPV6_SEND_ROUTER_SOLICIT,LWIP_IPV6_AUTOCONFIG,LWIP_IPV6_ADDRESS_LIFETIMES,LWIP_IPV6_DUP_DETECT_ATTEMPTS,LWIP_IPV6_DHCP6,LWIP_IPV6_DHCP6_STATEFUL,LWIP_IPV6_DHCP6_STATELESS,LWIP_DHCP6_GET_NTP_SRV,LWIP_DHCP6_MAX_NTP_SERVERS,LWIP_DHCP6_MAX_DNS_SERVERS,LWIP_ICMP6,LWIP_ICMP6_DATASIZE,LWIP_ICMP6_HL,LWIP_IPV6_MLD,MEMP_NUM_MLD6_GROUP,LWIP_ND6_QUEUEING,MEMP_NUM_ND6_QUEUE,LWIP_ND6_NUM_NEIGHBORS,LWIP_ND6_NUM_DESTINATIONS,LWIP_ND6_NUM_PREFIXES,LWIP_ND6_NUM_ROUTERS,LWIP_ND6_MAX_MULTICAST_SOLICIT,LWIP_ND6_MAX_UNICAST_SOLICIT,LWIP_ND6_MAX_ANYCAST_DELAY_TIME,LWIP_ND6_MAX_NEIGHBOR_ADVERTISEMENT,LWIP_ND6_REACHABLE_TIME,LWIP_ND6_RETRANS_TIMER,LWIP_ND6_DELAY_FIRST_PROBE_TIME,LWIP_ND6_ALLOW_RA_UPDATES,LWIP_ND6_TCP_REACHABILITY_HINTS,LWIP_ND6_RDNSS_MAX_DNS_SERVERS,LWIP_HTTPD,LWIP_SNMP,SNMP_USE_NETCONN,SNMP_USE_RAW,SNMP_LWIP_MIB2,LWIP_SNMP_V3,LWIP_SNMP_V3_MBEDTLS,LWIP_SNMP_V3_CRYPTO,LWIP_SNMP_CONFIGURE_VERSIONS,LWIP_SNTP,LWIP_SMTP,LWIP_MDNS,LWIP_TFTP,LWIP_DISABLE_TCP_SANITY_CHECKS,LWIP_DISABLE_MEMP_SANITY_CHECKS,LWIP_PERF,LWIP_STATS,LWIP_STATS_DISPLAY,LINK_STATS,ETHARP_STATS,IP_STATS,IPFRAG_STATS,ICMP_STATS,IGMP_STATS,UDP_STATS,TCP_STATS,MEM_STATS,MEMP_STATS,SYS_STATS,IP6_STATS,ICMP6_STATS,IP6_FRAG_STATS,MLD6_STATS,ND6_STATS,MIB2_STATS,CHECKSUM_BY_HARDWARE,LWIP_CHECKSUM_CTRL_PER_NETIF,CHECKSUM_GEN_IP,CHECKSUM_GEN_UDP,CHECKSUM_GEN_TCP,CHECKSUM_GEN_ICMP,CHECKSUM_GEN_ICMP6,CHECKSUM_CHECK_IP,CHECKSUM_CHECK_UDP,CHECKSUM_CHECK_TCP,CHECKSUM_CHECK_ICMP,CHECKSUM_CHECK_ICMP6,LWIP_CHECKSUM_ON_COPY,LWIP_DBG_MIN_LEVEL,LWIP_DBG_TYPES_ON,ETHARP_DEBUG,NETIF_DEBUG,PBUF_DEBUG,API_LIB_DEBUG,API_MSG_DEBUG,SOCKETS_DEBUG,ICMP_DEBUG,IGMP_DEBUG,INET_DEBUG,IP_DEBUG,IP_REASS_DEBUG,RAW_DEBUG,MEM_DEBUG,MEMP_DEBUG,SYS_DEBUG,TIMERS_DEBUG,TCP_DEBUG,TCP_INPUT_DEBUG,TCP_FR_DEBUG,TCP_RTO_DEBUG,TCP_CWND_DEBUG,TCP_WND_DEBUG,TCP_OUTPUT_DEBUG,TCP_RST_DEBUG,TCP_QLEN_DEBUG,UDP_DEBUG,TCPIP_DEBUG,SLIP_DEBUG,DHCP_DEBUG,AUTOIP_DEBUG,DNS_DEBUG,PPP_DEBUG,IP6_DEBUG,DHCP6_DEBUG,HTTPD_DEBUG,HTTPD_DEBUG_TIMING,SNMP_DEBUG,SNMP_MIB_DEBUG,SNTP_DEBUG,SMTP_DEBUG,MDNS_DEBUG,TFTP_DEBUG,LWIP_TESTMODE
LWIP.IPV6_REASS_MAXAGE=60
LWIP.IP_ADDRESS=192.168.026.222
LWIP.IP_DEBUG=LWIP_DBG_OFF
LWIP.IP_DEFAULT_TTL=255
LWIP.IP_FORWARD=0
LWIP.IP_FORWARD_ALLOW_TX_ON_RX_NETIF=0
LWIP.IP_FRAG=1
LWIP.IP_OPTIONS_ALLOWED=1
LWIP.IP_REASSEMBLY=1
LWIP.IP_REASS_DEBUG=LWIP_DBG_OFF
LWIP.IP_REASS_MAXAGE=15
LWIP.IP_REASS_MAX_PBUFS=10
LWIP.IP_SOF_BROADCAST=0
LWIP.IP_SOF_BROADCAST_RECV=0
LWIP.IP_STATS=0
LWIP.LCP_DEFLOOPBACKFAIL=10
LWIP.LCP_ECHOINTERVAL=0
LWIP.LCP_MAXECHOFAILS=3
LWIP.LINK_STATS=0
LWIP.LQR_SUPPORT=0
LWIP.LWIP_ALLOW_MEM_FREE_FROM_OTHER_CONTEXT=0
LWIP.LWIP_ALTCP=0
LWIP.LWIP_ALTCP_TLS=0
LWIP.LWIP_ARP=1
LWIP.LWIP_AUTOIP=0
LWIP.LWIP_BROADCAST_PING=0
LWIP.LWIP_CALLBACK_API=1
LWIP.LWIP_CHECKSUM_CTRL_PER_NETIF=0
LWIP.LWIP_CHECKSUM_ON_COPY=0
LWIP.LWIP_COMPAT_SOCKETS=1
LWIP.LWIP_DBG_MIN_LEVEL=LWIP_DBG_LEVEL_ALL
LWIP.LWIP_DBG_TYPES_ON=LWIP_DBG_OFF
LWIP.LWIP_DHCP=0
LWIP.LWIP_DHCP6_GET_NTP_SRV=0
LWIP.LWIP_DHCP6_MAX_DNS_SERVERS=2
LWIP.LWIP_DHCP6_MAX_NTP_SERVERS=1
LWIP.LWIP_DHCP_AUTOIP_COOP=0
LWIP.LWIP_DHCP_AUTOIP_COOP_TRIES=9
LWIP.LWIP_DHCP_BOOTP_FILE=0
LWIP.LWIP_DHCP_GET_NTP_SRV=0
LWIP.LWIP_DHCP_MAX_DNS_SERVERS=2
LWIP.LWIP_DHCP_MAX_NTP_SERVERS=1
LWIP.LWIP_DISABLE_MEMP_SANITY_CHECKS=0
LWIP.LWIP_DISABLE_TCP_SANITY_CHECKS=0
LWIP.LWIP_DNS=0
LWIP.LWIP_DNS_SECURE=7
LWIP.LWIP_DNS_SUPPORT_MDNS_QUERIES=0
LWIP.LWIP_ETHERNET=1
LWIP.LWIP_EVENT_API=0
LWIP.LWIP_FIONREAD_LINUXMODE=0
LWIP.LWIP_HAVE_LOOPIF=0
LWIP.LWIP_HTTPD=0
LWIP.LWIP_ICMP=1
LWIP.LWIP_ICMP6=0
LWIP.LWIP_ICMP6_DATASIZE=8
LWIP.LWIP_ICMP6_HL=255
LWIP.LWIP_IGMP=0
LWIP.LWIP_INCLUDED_POLARSSL_ARC4=0
LWIP.LWIP_INCLUDED_POLARSSL_DES=0
LWIP.LWIP_INCLUDED_POLARSSL_MD4=0
LWIP.LWIP_INCLUDED_POLARSSL_MD5=0
LWIP.LWIP_INCLUDED_POLARSSL_SHA1=0
LWIP.LWIP_IPV4=1
LWIP.LWIP_IPV6=0
LWIP.LWIP_IPV6_ADDRESS_LIFETIMES=0
LWIP.LWIP_IPV6_AUTOCONFIG=0
LWIP.LWIP_IPV6_DHCP6=0
LWIP.LWIP_IPV6_DHCP6_STATEFUL=0
LWIP.LWIP_IPV6_DHCP6_STATELESS=0
LWIP.LWIP_IPV6_DUP_DETECT_ATTEMPTS=1
LWIP.LWIP_IPV6_FORWARD=0
LWIP.LWIP_IPV6_FRAG=1
LWIP.LWIP_IPV6_MLD=0
LWIP.LWIP_IPV6_NUM_ADDRESSES=3
LWIP.LWIP_IPV6_REASS=0
LWIP.LWIP_IPV6_SCOPES=0
LWIP.LWIP_IPV6_SCOPES_DEBUG=0
LWIP.LWIP_IPV6_SEND_ROUTER_SOLICIT=1
LWIP.LWIP_LOOPBACK_MAX_PBUFS=0
LWIP.LWIP_LOOPIF_MULTICAST=0
LWIP.LWIP_MDNS=0
LWIP.LWIP_MIB2_CALLBACKS=0
LWIP.LWIP_MPU_COMPATIBLE=0
LWIP.LWIP_MULTICAST_PING=0
LWIP.LWIP_MULTICAST_TX_OPTIONS=0
LWIP.LWIP_ND6_ALLOW_RA_UPDATES=1
LWIP.LWIP_ND6_DELAY_FIRST_PROBE_TIME=5000
LWIP.LWIP_ND6_MAX_ANYCAST_DELAY_TIME=1000
LWIP.LWIP_ND6_MAX_MULTICAST_SOLICIT=3
LWIP.LWIP_ND6_MAX_NEIGHBOR_ADVERTISEMENT=3
LWIP.LWIP_ND6_MAX_UNICAST_SOLICIT=3
LWIP.LWIP_ND6_NUM_DESTINATIONS=10
LWIP.LWIP_ND6_NUM_NEIGHBORS=10
LWIP.LWIP_ND6_NUM_PREFIXES=5
LWIP.LWIP_ND6_NUM_ROUTERS=3
LWIP.LWIP_ND6_QUEUEING=0
LWIP.LWIP_ND6_RDNSS_MAX_DNS_SERVERS=0
LWIP.LWIP_ND6_REACHABLE_TIME=30000
LWIP.LWIP_ND6_RETRANS_TIMER=1000
LWIP.LWIP_ND6_TCP_REACHABILITY_HINTS=1
LWIP.LWIP_NETBUF_RECVINFO=0
LWIP.LWIP_NETCONN=1
LWIP.LWIP_NETCONN_FULLDUPLEX=0
LWIP.LWIP_NETCONN_SEM_PER_THREAD=0
LWIP.LWIP_NETIF_API=0
LWIP.LWIP_NETIF_EXT_STATUS_CALLBACK=0
LWIP.LWIP_NETIF_HOSTNAME=0
LWIP.LWIP_NETIF_HWADDRHINT=0
LWIP.LWIP_NETIF_LINK_CALLBACK=1
LWIP.LWIP_NETIF_LOOPBACK=0
LWIP.LWIP_NETIF_LOOPBACK_MULTITHREADING=1
LWIP.LWIP_NETIF_REMOVE_CALLBACK=0
LWIP.LWIP_NETIF_STATUS_CALLBACK=1
LWIP.LWIP_NETIF_TX_SINGLE_PBUF=0
LWIP.LWIP_NUM_NETIF_CLIENT_DATA=0
LWIP.LWIP_PBUF_REF_T=u8_t
LWIP.LWIP_PERF=0
LWIP.LWIP_POSIX_SOCKETS_IO_NAMES=1
LWIP.LWIP_PPP_API=0
LWIP.LWIP_RAW=0
LWIP.LWIP_SINGLE_NETIF=0
LWIP.LWIP_SMTP=0
LWIP.LWIP_SNMP=0
LWIP.LWIP_SNMP_CONFIGURE_VERSIONS=0
LWIP.LWIP_SNMP_V3=0
LWIP.LWIP_SNMP_V3_CRYPTO=0
LWIP.LWIP_SNMP_V3_MBEDTLS=0
LWIP.LWIP_SNTP=0
LWIP.LWIP_SOCKET=1
LWIP.LWIP_SOCKET_OFFSET=0
LWIP.LWIP_SOCKET_POLL=1
LWIP.LWIP_SOCKET_SELECT=1
LWIP.LWIP_SO_LINGER=0
LWIP.LWIP_SO_RCVBUF=0
LWIP.LWIP_SO_RCVTIMEO=1
LWIP.LWIP_SO_SNDRCVTIMEO_NONSTANDARD=0
LWIP.LWIP_SO_SNDTIMEO=1
LWIP.LWIP_STATS=0
LWIP.LWIP_STATS_DISPLAY=0
LWIP.LWIP_TCP=1
LWIP.LWIP_TCPIP_CORE_LOCKING=0
LWIP.LWIP_TCPIP_CORE_LOCKING_INPUT=0
LWIP.LWIP_TCPIP_TIMEOUT=0
LWIP.LWIP_TCP_CLOSE_TIMEOUT_MS_DEFAULT=20000
LWIP.LWIP_TCP_KEEPALIVE=0
LWIP.LWIP_TCP_MAX_SACK_NUM=4
LWIP.LWIP_TCP_PCB_NUM_EXT_ARGS=0
LWIP.LWIP_TCP_SACK_OUT=0
LWIP.LWIP_TCP_TIMESTAMPS=0
LWIP.LWIP_TESTMODE=0
LWIP.LWIP_TFTP=0
LWIP.LWIP_TIMERS=1
LWIP.LWIP_TIMERS_CUSTOM=0
LWIP.LWIP_UDP=0
LWIP.LWIP_UDPLITE=0
LWIP.LWIP_USE_EXTERNAL_MBEDTLS=0
LWIP.LWIP_USE_EXTERNAL_POLARSSL=0
LWIP.LWIP_WND_SCALE=0
LWIP.MAXNAMELEN=256
LWIP.MAXSECRETLEN=256
LWIP.MDNS_DEBUG=LWIP_DBG_OFF
LWIP.MEMP_DEBUG=LWIP_DBG_OFF
LWIP.MEMP_MEM_INIT=0
LWIP.MEMP_MEM_MALLOC=0
LWIP.MEMP_NUM_API_MSG=8
LWIP.MEMP_NUM_ARP_QUEUE=30
LWIP.MEMP_NUM_DNS_API_MSG=8
LWIP.MEMP_NUM_FRAG_PBUF=15
LWIP.MEMP_NUM_IGMP_GROUP=8
LWIP.MEMP_NUM_LOCALHOSTLIST=1
LWIP.MEMP_NUM_MLD6_GROUP=4
LWIP.MEMP_NUM_ND6_QUEUE=20
LWIP.MEMP_NUM_NETBUF=2
LWIP.MEMP_NUM_NETCONN=4
LWIP.MEMP_NUM_NETDB=1
LWIP.MEMP_NUM_NETIFAPI_MSG=8
LWIP.MEMP_NUM_PBUF=16
LWIP.MEMP_NUM_PPPOE_INTERFACES=1
LWIP.MEMP_NUM_PPPOL2TP_INTERFACES=1
LWIP.MEMP_NUM_PPPOS_INTERFACES=1
LWIP.MEMP_NUM_PPP_API_MSG=5
LWIP.MEMP_NUM_PPP_PCB=1
LWIP.MEMP_NUM_RAW_PCB=4
LWIP.MEMP_NUM_REASSDATA=5
LWIP.MEMP_NUM_SELECT_CB=4
LWIP.MEMP_NUM_SOCKET_SETGETSOCKOPT_DATA=8
LWIP.MEMP_NUM_SYS_TIMEOUT=3
LWIP.MEMP_NUM_TCPIP_MSG_API=8
LWIP.MEMP_NUM_TCPIP_MSG_INPKT=8
LWIP.MEMP_NUM_TCP_PCB=1
LWIP.MEMP_NUM_TCP_PCB_LISTEN=8
LWIP.MEMP_NUM_TCP_SEG=16
LWIP.MEMP_NUM_UDP_PCB=1
LWIP.MEMP_OVERFLOW_CHECK=0
LWIP.MEMP_SANITY_CHECK=0
LWIP.MEMP_STATS=0
LWIP.MEMP_USE_CUSTOM_POOLS=0
LWIP.MEM_ALIGNMENT=4
LWIP.MEM_DEBUG=LWIP_DBG_OFF
LWIP.MEM_LIBC_MALLOC=0
LWIP.MEM_OVERFLOW_CHECK=0
LWIP.MEM_SANITY_CHECK=0
LWIP.MEM_SIZE=1600
LWIP.MEM_STATS=0
LWIP.MEM_USE_POOLS=0
LWIP.MEM_USE_POOLS_TRY_BIGGER_POOL=0
LWIP.MIB2_STATS=0
LWIP.MLD6_STATS=0
LWIP.MPPE_SUPPORT=0
LWIP.MSCHAP_SUPPORT=0
LWIP.ND6_STATS=0
LWIP.NETIF_DEBUG=LWIP_DBG_OFF
LWIP.NETMASK_ADDRESS=255.255.255.000
LWIP.NO_SYS=0
LWIP.PAP_SUPPORT=0
LWIP.PBUF_DEBUG=LWIP_DBG_OFF
LWIP.PBUF_LINK_ENCAPSULATION_HLEN=0
LWIP.PBUF_LINK_HLEN=14
LWIP.PBUF_POOL_BUFSIZE=592
LWIP.PBUF_POOL_SIZE=16
LWIP.PPPOE_SUPPORT=0
LWIP.PPPOL2TP_AUTH_SUPPORT=0
LWIP.PPPOL2TP_SUPPORT=0
LWIP.PPPOS_SUPPORT=0
LWIP.PPP_DEBUG=LWIP_DBG_OFF
LWIP.PPP_DEFMRU=1500
LWIP.PPP_FCS_TABLE=1
LWIP.PPP_INPROC_IRQ_SAFE=0
LWIP.PPP_IPV4_SUPPORT=1
LWIP.PPP_IPV6_SUPPORT=0
LWIP.PPP_MAXIDLEFLAG=100
LWIP.PPP_MAXMRU=1500
LWIP.PPP_MD5_RANDM=0
LWIP.PPP_MINMRU=128
LWIP.PPP_MRU=1500
LWIP.PPP_NOTIFY_PHASE=0
LWIP.PPP_NUM_TIMEOUTS=0
LWIP.PPP_NUM_TIMEOUTS_PER_PCB=2
LWIP.PPP_SERVER=0
LWIP.PPP_SUPPORT=0
LWIP.PPP_USE_PBUF_RAM=0
LWIP.PRINTPKT_SUPPORT=0
LWIP.RAW_DEBUG=LWIP_DBG_OFF
LWIP.RAW_TTL=255
LWIP.RECV_BUFSIZE_DEFAULT=2000000000
LWIP.SLIPIF_THREAD_NAME="slipif_loop"
LWIP.SLIPIF_THREAD_PRIO=3
LWIP.SLIPIF_THREAD_STACKSIZE=1024
LWIP.SLIP_DEBUG=LWIP_DBG_OFF
LWIP.SMTP_DEBUG=LWIP_DBG_OFF
LWIP.SNMP_DEBUG=LWIP_DBG_ON
LWIP.SNMP_LWIP_MIB2=0
LWIP.SNMP_MIB_DEBUG=LWIP_DBG_ON
LWIP.SNMP_USE_NETCONN=0
LWIP.SNMP_USE_RAW=1
LWIP.SNTP_DEBUG=LWIP_DBG_OFF
LWIP.SOCKETS_DEBUG=LWIP_DBG_OFF
LWIP.SO_REUSE=0
LWIP.SO_REUSE_RXTOALL=0
LWIP.SYS_DEBUG=LWIP_DBG_OFF
LWIP.SYS_LIGHTWEIGHT_PROT=1
LWIP.SYS_STATS=0
LWIP.TCPIP_DEBUG=LWIP_DBG_OFF
LWIP.TCPIP_MBOX_SIZE=6
LWIP.TCPIP_THREAD_NAME="tcpip_thread"
LWIP.TCPIP_THREAD_PRIO=3
LWIP.TCPIP_THREAD_STACKSIZE=1024
LWIP.TCP_CALCULATE_EFF_SEND_MSS=1
LWIP.TCP_CWND_DEBUG=LWIP_DBG_OFF
LWIP.TCP_DEBUG=LWIP_DBG_OFF
LWIP.TCP_DEFAULT_LISTEN_BACKLOG=255
LWIP.TCP_FR_DEBUG=LWIP_DBG_OFF
LWIP.TCP_INPUT_DEBUG=LWIP_DBG_OFF
LWIP.TCP_LISTEN_BACKLOG=0
LWIP.TCP_MAXRTX=12
LWIP.TCP_MSS=536
LWIP.TCP_OOSEQ_BYTES_LIMIT(pcb)=0
LWIP.TCP_OOSEQ_MAX_BYTES=0
LWIP.TCP_OOSEQ_MAX_PBUFS=0
LWIP.TCP_OOSEQ_PBUFS_LIMIT(pcb)=0
LWIP.TCP_OUTPUT_DEBUG=LWIP_DBG_OFF
LWIP.TCP_OVERSIZE=TCP_MSS
LWIP.TCP_QLEN_DEBUG=LWIP_DBG_OFF
LWIP.TCP_QUEUE_OOSEQ=1
LWIP.TCP_RCV_SCALE=0
LWIP.TCP_RST_DEBUG=LWIP_DBG_OFF
LWIP.TCP_RTO_DEBUG=LWIP_DBG_OFF
LWIP.TCP_SNDLOWAT=1071
LWIP.TCP_SNDQUEUELOWAT=5
LWIP.TCP_SND_BUF=1072
LWIP.TCP_SND_QUEUELEN=9
LWIP.TCP_STATS=0
LWIP.TCP_SYNMAXRTX=6
LWIP.TCP_TTL=255
LWIP.TCP_WND=2144
LWIP.TCP_WND_DEBUG=LWIP_DBG_OFF
LWIP.TCP_WND_UPDATE_THRESHOLD=536
LWIP.TFTP_DEBUG=LWIP_DBG_OFF
LWIP.TIMERS_DEBUG=LWIP_DBG_OFF
LWIP.UDP_DEBUG=LWIP_DBG_OFF
LWIP.UDP_STATS=0
LWIP.UDP_TTL=255
LWIP.UPAP_DEFREQTIME=30
LWIP.UPAP_DEFTIMEOUT=6
LWIP.UPAP_DEFTRANSMITS=10
LWIP.VJ_SUPPORT=0
LWIP.Version=v2.1.2_Cube
LWIP0.BSP.STBoard=false
LWIP0.BSP.api=BSP_COMPONENT_DRIVER
LWIP0.BSP.component=DP83848
LWIP0.BSP.condition=
LWIP0.BSP.instance=DP83848
LWIP0.BSP.ip=
LWIP0.BSP.mode=
LWIP0.BSP.name=Driver_PHY
LWIP0.BSP.semaphore=S_DP83848
LWIP0.BSP.solution=DP83848
Mcu.CPN=STM32F407ZGT6
Mcu.Family=STM32F4
Mcu.IP0=ETH
Mcu.IP1=FREERTOS
Mcu.IP2=LWIP
Mcu.IP3=NVIC
Mcu.IP4=RCC
Mcu.IP5=SYS
Mcu.IP6=TIM4
Mcu.IP7=USART1
Mcu.IPNb=8
Mcu.Name=STM32F407Z(E-G)Tx
Mcu.Package=LQFP144
Mcu.Pin0=PF6
Mcu.Pin1=PF7
Mcu.Pin10=PA7
Mcu.Pin11=PC4
Mcu.Pin12=PC5
Mcu.Pin13=PE8
Mcu.Pin14=PE9
Mcu.Pin15=PE10
Mcu.Pin16=PE11
Mcu.Pin17=PE12
Mcu.Pin18=PE13
Mcu.Pin19=PE14
Mcu.Pin2=PF8
Mcu.Pin20=PE15
Mcu.Pin21=PB11
Mcu.Pin22=PB12
Mcu.Pin23=PD9
Mcu.Pin24=PD10
Mcu.Pin25=PD11
Mcu.Pin26=PD12
Mcu.Pin27=PD13
Mcu.Pin28=PD14
Mcu.Pin29=PD15
Mcu.Pin3=PF9
Mcu.Pin30=PC7
Mcu.Pin31=PC8
Mcu.Pin32=PC9
Mcu.Pin33=PA9
Mcu.Pin34=PA10
Mcu.Pin35=PA13
Mcu.Pin36=PA14
Mcu.Pin37=PD3
Mcu.Pin38=PG13
Mcu.Pin39=PG14
Mcu.Pin4=PF10
Mcu.Pin40=VP_FREERTOS_VS_CMSIS_V1
Mcu.Pin41=VP_LWIP_VS_Enabled
Mcu.Pin42=VP_SYS_VS_tim6
Mcu.Pin43=VP_TIM4_VS_ClockSourceINT
Mcu.Pin44=VP_TIM4_VS_no_output4
Mcu.Pin5=PH0-OSC_IN
Mcu.Pin6=PH1-OSC_OUT
Mcu.Pin7=PC1
Mcu.Pin8=PA1
Mcu.Pin9=PA2
Mcu.PinsNb=45
Mcu.ThirdPartyNb=0
Mcu.UserConstants=
Mcu.UserName=STM32F407ZGTx
MxCube.Version=6.13.0
MxDb.Version=DB.6.0.130
NVIC.BusFault_IRQn=true\:0\:0\:false\:false\:true\:false\:false\:false\:false
NVIC.DebugMonitor_IRQn=true\:0\:0\:false\:false\:true\:false\:false\:false\:false
NVIC.ETH_IRQn=true\:5\:0\:false\:false\:true\:true\:true\:true\:true
NVIC.EXTI15_10_IRQn=true\:5\:0\:false\:false\:true\:true\:true\:true\:true
NVIC.ForceEnableDMAVector=true
NVIC.HardFault_IRQn=true\:0\:0\:false\:false\:true\:false\:false\:false\:false
NVIC.MemoryManagement_IRQn=true\:0\:0\:false\:false\:true\:false\:false\:false\:false
NVIC.NonMaskableInt_IRQn=true\:0\:0\:false\:false\:true\:false\:false\:false\:false
NVIC.PendSV_IRQn=true\:15\:0\:false\:false\:false\:true\:false\:false\:false
NVIC.PriorityGroup=NVIC_PRIORITYGROUP_4
NVIC.SVCall_IRQn=true\:0\:0\:false\:false\:false\:false\:false\:false\:false
NVIC.SavedPendsvIrqHandlerGenerated=true
NVIC.SavedSvcallIrqHandlerGenerated=true
NVIC.SavedSystickIrqHandlerGenerated=true
NVIC.SysTick_IRQn=true\:15\:0\:false\:false\:false\:true\:true\:true\:false
NVIC.TIM6_DAC_IRQn=true\:15\:0\:false\:false\:true\:false\:true\:true\:true
NVIC.TimeBase=TIM6_DAC_IRQn
NVIC.TimeBaseIP=TIM6
NVIC.USART1_IRQn=true\:5\:0\:false\:false\:true\:true\:true\:true\:true
NVIC.UsageFault_IRQn=true\:0\:0\:false\:false\:true\:false\:false\:false\:false
PA1.Mode=RMII
PA1.Signal=ETH_REF_CLK
PA10.Mode=Asynchronous
PA10.Signal=USART1_RX
PA13.Mode=Serial_Wire
PA13.Signal=SYS_JTMS-SWDIO
PA14.Mode=Serial_Wire
PA14.Signal=SYS_JTCK-SWCLK
PA2.Mode=RMII
PA2.Signal=ETH_MDIO
PA7.Mode=RMII
PA7.Signal=ETH_CRS_DV
PA9.Mode=Asynchronous
PA9.Signal=USART1_TX
PB11.Mode=RMII
PB11.Signal=ETH_TX_EN
PB12.GPIOParameters=GPIO_Label
PB12.GPIO_Label=TRIGGER_SCAN_ACT
PB12.Locked=true
PB12.Signal=GPIO_Output
PC1.Mode=RMII
PC1.Signal=ETH_MDC
PC4.Mode=RMII
PC4.Signal=ETH_RXD0
PC5.Mode=RMII
PC5.Signal=ETH_RXD1
PC7.GPIOParameters=GPIO_Label
PC7.GPIO_Label=Lamp_PL
PC7.Locked=true
PC7.Signal=GPIO_Output
PC8.GPIOParameters=GPIO_Label
PC8.GPIO_Label=Lamp_BL
PC8.Locked=true
PC8.Signal=GPIO_Output
PC9.GPIOParameters=GPIO_Label
PC9.GPIO_Label=Lamp_FL
PC9.Locked=true
PC9.Signal=GPIO_Output
PD10.GPIOParameters=GPIO_Label
PD10.GPIO_Label=LED_EMISSION
PD10.Locked=true
PD10.Signal=GPIO_Output
PD11.GPIOParameters=GPIO_Label
PD11.GPIO_Label=LED_ERROR
PD11.Locked=true
PD11.Signal=GPIO_Output
PD12.GPIOParameters=GPIO_Label
PD12.GPIO_Label=OUT1
PD12.Locked=true
PD12.Signal=GPIO_Output
PD13.GPIOParameters=GPIO_Label
PD13.GPIO_Label=OUT2
PD13.Locked=true
PD13.Signal=GPIO_Output
PD14.GPIOParameters=GPIO_Label
PD14.GPIO_Label=LED_YELLOW
PD14.Locked=true
PD14.Signal=GPIO_Output
PD15.GPIOParameters=GPIO_Label
PD15.GPIO_Label=LED_GREEN
PD15.Locked=true
PD15.Signal=GPIO_Output
PD3.GPIOParameters=GPIO_Label
PD3.GPIO_Label=PROTECTION_ONOFF
PD3.Locked=true
PD3.Signal=GPIO_Output
PD9.GPIOParameters=GPIO_Label
PD9.GPIO_Label=LED_POWER
PD9.Locked=true
PD9.Signal=GPIO_Output
PE10.GPIOParameters=GPIO_Label
PE10.GPIO_Label=RELAY3
PE10.Locked=true
PE10.Signal=GPIO_Output
PE11.GPIOParameters=GPIO_Label
PE11.GPIO_Label=RELAY4
PE11.Locked=true
PE11.Signal=GPIO_Output
PE12.GPIOParameters=GPIO_Label
PE12.GPIO_Label=RELAY5
PE12.Locked=true
PE12.Signal=GPIO_Output
PE13.GPIOParameters=GPIO_Label,GPIO_ModeDefaultEXTI
PE13.GPIO_Label=Button_PL
PE13.GPIO_ModeDefaultEXTI=GPIO_MODE_IT_RISING_FALLING
PE13.Locked=true
PE13.Signal=GPXTI13
PE14.GPIOParameters=GPIO_Label,GPIO_ModeDefaultEXTI
PE14.GPIO_Label=Button_BL
PE14.GPIO_ModeDefaultEXTI=GPIO_MODE_IT_RISING_FALLING
PE14.Locked=true
PE14.Signal=GPXTI14
PE15.GPIOParameters=GPIO_Label,GPIO_ModeDefaultEXTI
PE15.GPIO_Label=Button FL
PE15.GPIO_ModeDefaultEXTI=GPIO_MODE_IT_RISING_FALLING
PE15.Locked=true
PE15.Signal=GPXTI15
PE8.GPIOParameters=GPIO_Label
PE8.GPIO_Label=RELAY1
PE8.Locked=true
PE8.Signal=GPIO_Output
PE9.GPIOParameters=GPIO_Label
PE9.GPIO_Label=RELAY2
PE9.Locked=true
PE9.Signal=GPIO_Output
PF10.GPIOParameters=GPIO_Label
PF10.GPIO_Label=KEY
PF10.Locked=true
PF10.Signal=GPIO_Input
PF6.GPIOParameters=GPIO_Label
PF6.GPIO_Label=DOOR3
PF6.Locked=true
PF6.Signal=GPIO_Input
PF7.GPIOParameters=GPIO_Label
PF7.GPIO_Label=DOOR2
PF7.Locked=true
PF7.Signal=GPIO_Input
PF8.GPIOParameters=GPIO_Label
PF8.GPIO_Label=DOOR1
PF8.Locked=true
PF8.Signal=GPIO_Input
PF9.GPIOParameters=GPIO_Label
PF9.GPIO_Label=EMERGENCY
PF9.Locked=true
PF9.Signal=GPIO_Input
PG13.Mode=RMII
PG13.Signal=ETH_TXD0
PG14.Mode=RMII
PG14.Signal=ETH_TXD1
PH0-OSC_IN.Mode=HSE-External-Oscillator
PH0-OSC_IN.Signal=RCC_OSC_IN
PH1-OSC_OUT.Mode=HSE-External-Oscillator
PH1-OSC_OUT.Signal=RCC_OSC_OUT
PinOutPanel.RotationAngle=0
ProjectManager.AskForMigrate=true
ProjectManager.BackupPrevious=false
ProjectManager.CompilerOptimize=6
ProjectManager.ComputerToolchain=false
ProjectManager.CoupleFile=true
ProjectManager.CustomerFirmwarePackage=
ProjectManager.DefaultFWLocation=true
ProjectManager.DeletePrevious=true
ProjectManager.DeviceId=STM32F407ZGTx
ProjectManager.FirmwarePackage=STM32Cube FW_F4 V1.28.1
ProjectManager.FreePins=false
ProjectManager.HalAssertFull=false
ProjectManager.HeapSize=0x400
ProjectManager.KeepUserCode=true
ProjectManager.LastFirmware=false
ProjectManager.LibraryCopy=1
ProjectManager.MainLocation=Core/Src
ProjectManager.NoMain=false
ProjectManager.PreviousToolchain=STM32CubeIDE
ProjectManager.ProjectBuild=false
ProjectManager.ProjectFileName=waveguide_172_e4_control.ioc
ProjectManager.ProjectName=waveguide_172_e4_control
ProjectManager.ProjectStructure=
ProjectManager.RegisterCallBack=
ProjectManager.StackSize=0x800
ProjectManager.TargetToolchain=STM32CubeIDE
ProjectManager.ToolChainLocation=
ProjectManager.UAScriptAfterPath=
ProjectManager.UAScriptBeforePath=
ProjectManager.UnderRoot=true
ProjectManager.functionlistsort=1-SystemClock_Config-RCC-false-HAL-false,2-MX_GPIO_Init-GPIO-false-HAL-true,3-MX_TIM4_Init-TIM4-false-HAL-true,4-MX_USART1_UART_Init-USART1-false-HAL-true,5-MX_LWIP_Init-LWIP-false-HAL-false
RCC.48MHZClocksFreq_Value=48000000
RCC.AHBFreq_Value=144000000
RCC.APB1CLKDivider=RCC_HCLK_DIV4
RCC.APB1Freq_Value=36000000
RCC.APB1TimFreq_Value=72000000
RCC.APB2CLKDivider=RCC_HCLK_DIV4
RCC.APB2Freq_Value=36000000
RCC.APB2TimFreq_Value=72000000
RCC.CortexFreq_Value=144000000
RCC.EthernetFreq_Value=144000000
RCC.FCLKCortexFreq_Value=144000000
RCC.FLatency=FLASH_LATENCY_4
RCC.FamilyName=M
RCC.HCLKFreq_Value=144000000
RCC.HSE_VALUE=16000000
RCC.HSI_VALUE=16000000
RCC.I2SClocksFreq_Value=192000000
RCC.IPParameters=48MHZClocksFreq_Value,AHBFreq_Value,APB1CLKDivider,APB1Freq_Value,APB1TimFreq_Value,APB2CLKDivider,APB2Freq_Value,APB2TimFreq_Value,CortexFreq_Value,EthernetFreq_Value,FCLKCortexFreq_Value,FLatency,FamilyName,HCLKFreq_Value,HSE_VALUE,HSI_VALUE,I2SClocksFreq_Value,LSE_VALUE,LSI_VALUE,MCO2PinFreq_Value,PLLCLKFreq_Value,PLLM,PLLN,PLLQ,PLLQCLKFreq_Value,PLLSourceVirtual,RTCFreq_Value,RTCHSEDivFreq_Value,SYSCLKFreq_VALUE,SYSCLKSource,VCOI2SOutputFreq_Value,VCOInputFreq_Value,VCOOutputFreq_Value,VcooutputI2S
RCC.LSE_VALUE=32768
RCC.LSI_VALUE=32000
RCC.MCO2PinFreq_Value=144000000
RCC.PLLCLKFreq_Value=144000000
RCC.PLLM=8
RCC.PLLN=144
RCC.PLLQ=6
RCC.PLLQCLKFreq_Value=48000000
RCC.PLLSourceVirtual=RCC_PLLSOURCE_HSE
RCC.RTCFreq_Value=32000
RCC.RTCHSEDivFreq_Value=8000000
RCC.SYSCLKFreq_VALUE=144000000
RCC.SYSCLKSource=RCC_SYSCLKSOURCE_PLLCLK
RCC.VCOI2SOutputFreq_Value=384000000
RCC.VCOInputFreq_Value=2000000
RCC.VCOOutputFreq_Value=288000000
RCC.VcooutputI2S=192000000
SH.GPXTI13.0=GPIO_EXTI13
SH.GPXTI13.ConfNb=1
SH.GPXTI14.0=GPIO_EXTI14
SH.GPXTI14.ConfNb=1
SH.GPXTI15.0=GPIO_EXTI15
SH.GPXTI15.ConfNb=1
TIM4.AutoReloadPreload=TIM_AUTORELOAD_PRELOAD_DISABLE
TIM4.Channel-Output\ Compare4\ No\ Output=TIM_CHANNEL_4
TIM4.ClockDivision=TIM_CLOCKDIVISION_DIV1
TIM4.CounterMode=TIM_COUNTERMODE_UP
TIM4.IPParameters=Prescaler,CounterMode,Period,ClockDivision,AutoReloadPreload,TIM_MasterSlaveMode,TIM_MasterOutputTrigger,OCMode_4,Pulse-Output Compare4 No Output,OC4Preload,OCPolarity_4,Channel-Output Compare4 No Output
TIM4.OC4Preload=DISABLE
TIM4.OCMode_4=TIM_OCMODE_TOGGLE
TIM4.OCPolarity_4=TIM_OCPOLARITY_HIGH
TIM4.Period=999
TIM4.Prescaler=83
TIM4.Pulse-Output\ Compare4\ No\ Output=0
TIM4.TIM_MasterOutputTrigger=TIM_TRGO_RESET
TIM4.TIM_MasterSlaveMode=TIM_MASTERSLAVEMODE_DISABLE
USART1.BaudRate=115200
USART1.IPParameters=BaudRate,WordLength,Parity,StopBits,Mode,OverSampling,VirtualMode
USART1.Mode=MODE_TX_RX
USART1.OverSampling=UART_OVERSAMPLING_16
USART1.Parity=PARITY_NONE
USART1.StopBits=STOPBITS_1
USART1.VirtualMode=VM_ASYNC
USART1.WordLength=WORDLENGTH_8B
VP_FREERTOS_VS_CMSIS_V1.Mode=CMSIS_V1
VP_FREERTOS_VS_CMSIS_V1.Signal=FREERTOS_VS_CMSIS_V1
VP_LWIP_VS_Enabled.Mode=Enabled
VP_LWIP_VS_Enabled.Signal=LWIP_VS_Enabled
VP_SYS_VS_tim6.Mode=TIM6
VP_SYS_VS_tim6.Signal=SYS_VS_tim6
VP_TIM4_VS_ClockSourceINT.Mode=Internal
VP_TIM4_VS_ClockSourceINT.Signal=TIM4_VS_ClockSourceINT
VP_TIM4_VS_no_output4.Mode=Output Compare4 No Output
VP_TIM4_VS_no_output4.Signal=TIM4_VS_no_output4
board=custom
rtos.0.ip=FREERTOS
isbadioc=false
